
Microsoft Visual Studio Solution File, Format Version 12.00
# Visual Studio Version 16
VisualStudioVersion = 16.0.31025.194
MinimumVisualStudioVersion = 10.0.40219.1
Project("{FAE04EC0-301F-11D3-BF4B-00C04F79EFBC}") = "RecursiveBinarySearch", "RecursiveBinarySearch\RecursiveBinarySearch.csproj", "{A54B00AE-2221-493F-8CEE-DF36190E0A45}"
EndProject
Global
	GlobalSection(SolutionConfigurationPlatforms) = preSolution
		Debug|Any CPU = Debug|Any CPU
		Release|Any CPU = Release|Any CPU
	EndGlobalSection
	GlobalSection(ProjectConfigurationPlatforms) = postSolution
		{A54B00AE-2221-493F-8CEE-DF36190E0A45}.Debug|Any CPU.ActiveCfg = Debug|Any CPU
		{A54B00AE-2221-493F-8CEE-DF36190E0A45}.Debug|Any CPU.Build.0 = Debug|Any CPU
		{A54B00AE-2221-493F-8CEE-DF36190E0A45}.Release|Any CPU.ActiveCfg = Release|Any CPU
		{A54B00AE-2221-493F-8CEE-DF36190E0A45}.Release|Any CPU.Build.0 = Release|Any CPU
	EndGlobalSection
	GlobalSection(SolutionProperties) = preSolution
		HideSolutionNode = FALSE
	EndGlobalSection
	GlobalSection(ExtensibilityGlobals) = postSolution
		SolutionGuid = {A3137536-EC40-420F-A71A-C9FF13F0CA0E}
	EndGlobalSection
EndGlobal
